// !$*UTF8*$!
{
	archiveVersion = 1;
	classes = {
	};
	objectVersion = 46;
	objects = {

/* Begin PBXBuildFile section */
		F0993FBF1DC44388004ED26B /* AppDelegate.swift in Sources */ = {isa = PBXBuildFile; fileRef = F0993FBE1DC44388004ED26B /* AppDelegate.swift */; };
		F0993FC11DC44388004ED26B /* ViewController.swift in Sources */ = {isa = PBXBuildFile; fileRef = F0993FC01DC44388004ED26B /* ViewController.swift */; };
		F0993FC41DC44388004ED26B /* Main.storyboard in Resources */ = {isa = PBXBuildFile; fileRef = F0993FC21DC44388004ED26B /* Main.storyboard */; };
		F0993FC61DC44388004ED26B /* Assets.xcassets in Resources */ = {isa = PBXBuildFile; fileRef = F0993FC51DC44388004ED26B /* Assets.xcassets */; };
		F0993FC91DC44388004ED26B /* LaunchScreen.storyboard in Resources */ = {isa = PBXBuildFile; fileRef = F0993FC71DC44388004ED26B /* LaunchScreen.storyboard */; };
/* End PBXBuildFile section */

/* Begin PBXFileReference section */
		F0993FBB1DC44388004ED26B /* dddd.app */ = {isa = PBXFileReference; explicitFileType = wrapper.application; includeInIndex = 0; path = dddd.app; sourceTree = BUILT_PRODUCTS_DIR; };
		F0993FBE1DC44388004ED26B /* AppDelegate.swift */ = {isa = PBXFileReference; lastKnownFileType = sourcecode.swift; path = AppDelegate.swift; sourceTree = "<group>"; };
		F0993FC01DC44388004ED26B /* ViewController.swift */ = {isa = PBXFileReference; lastKnownFileType = sourcecode.swift; path = ViewController.swift; sourceTree = "<group>"; };
		F0993FC31DC44388004ED26B /* Base */ = {isa = PBXFileReference; lastKnownFileType = file.storyboard; name = Base; path = Base.lproj/Main.storyboard; sourceTree = "<group>"; };
		F0993FC51DC44388004ED26B /* Assets.xcassets */ = {isa = PBXFileReference; lastKnownFileType = folder.assetcatalog; path = Assets.xcassets; sourceTree = "<group>"; };
		F0993FC81DC44388004ED26B /* Base */ = {isa = PBXFileReference; lastKnownFileType = file.storyboard; name = Base; path = Base.lproj/LaunchScreen.storyboard; sourceTree = "<group>"; };
		F0993FCA1DC44388004ED26B /* Info.plist */ = {isa = PBXFileReference; lastKnownFileType = text.plist.xml; path = Info.plist; sourceTree = "<group>"; };
/* End PBXFileReference section */

/* Begin PBXFrameworksBuildPhase section */
		F0993FB81DC44388004ED26B /* Frameworks */ = {
			isa = PBXFrameworksBuildPhase;
			buildActionMask = 2147483647;
			files = (
			);
			runOnlyForDeploymentPostprocessing = 0;
		};
/* End PBXFrameworksBuildPhase section */

/* Begin PBXGroup section */
		F0993FB21DC44388004ED26B = {
			isa = PBXGroup;
			children = (
				F0993FBD1DC44388004ED26B /* dddd */,
				F0993FBC1DC44388004ED26B /* Products */,
			);
			sourceTree = "<group>";
		};
		F0993FBC1DC44388004ED26B /* Products */ = {
			isa = PBXGroup;
			children = (
				F0993FBB1DC44388004ED26B /* dddd.app */,
			);
			name = Products;
			sourceTree = "<group>";
		};
		F0993FBD1DC44388004ED26B /* dddd */ = {
			isa = PBXGroup;
			children = (
				F0993FBE1DC44388004ED26B /* AppDelegate.swift */,
				F0993FC01DC44388004ED26B /* ViewController.swift */,
				F0993FC21DC44388004ED26B /* Main.storyboard */,
				F0993FC51DC44388004ED26B /* Assets.xcassets */,
				F0993FC71DC44388004ED26B /* LaunchScreen.storyboard */,
				F0993FCA1DC44388004ED26B /* Info.plist */,
			);
			path = dddd;
			sourceTree = "<group>";
		};
/* End PBXGroup section */

/* Begin PBXNativeTarget section */
		F0993FBA1DC44388004ED26B /* dddd */ = {
			isa = PBXNativeTarget;
			buildConfigurationList = F0993FCD1DC44388004ED26B /* Build configuration list for PBXNativeTarget "dddd" */;
			buildPhases = (
				F0993FB71DC44388004ED26B /* Sources */,
				F0993FB81DC44388004ED26B /* Frameworks */,
				F0993FB91DC44388004ED26B /* Resources */,
			);
			buildRules = (
			);
			dependencies = (
			);
			name = dddd;
			productName = dddd;
			productReference = F0993FBB1DC44388004ED26B /* dddd.app */;
			productType = "com.apple.product-type.application";
		};
/* End PBXNativeTarget section */

/* Begin PBXProject section */
		F0993FB31DC44388004ED26B /* Project object */ = {
			isa = PBXProject;
			attributes = {
				LastSwiftUpdateCheck = 0800;
				LastUpgradeCheck = 0800;
				ORGANIZATIONNAME = Sennotech;
				TargetAttributes = {
					F0993FBA1DC44388004ED26B = {
						CreatedOnToolsVersion = 8.0;
						DevelopmentTeam = B2HMTZDWE6;
						ProvisioningStyle = Automatic;
					};
				};
			};
			buildConfigurationList = F0993FB61DC44388004ED26B /* Build configuration list for PBXProject "dddd" */;
			compatibilityVersion = "Xcode 3.2";
			developmentRegion = English;
			hasScannedForEncodings = 0;
			knownRegions = (
				en,
				Base,
			);
			mainGroup = F0993FB21DC44388004ED26B;
			productRefGroup = F0993FBC1DC44388004ED26B /* Products */;
			projectDirPath = "";
			projectRoot = "";
			targets = (
				F0993FBA1DC44388004ED26B /* dddd */,
			);
		};
/* End PBXProject section */

/* Begin PBXResourcesBuildPhase section */
		F0993FB91DC44388004ED26B /* Resources */ = {
			isa = PBXResourcesBuildPhase;
			buildActionMask = 2147483647;
			files = (
				F0993FC91DC44388004ED26B /* LaunchScreen.storyboard in Resources */,
				F0993FC61DC44388004ED26B /* Assets.xcassets in Resources */,
				F0993FC41DC44388004ED26B /* Main.storyboard in Resources */,
			);
			runOnlyForDeploymentPostprocessing = 0;
		};
/* End PBXResourcesBuildPhase section */

/* Begin PBXSourcesBuildPhase section */
		F0993FB71DC44388004ED26B /* Sources */ = {
			isa = PBXSourcesBuildPhase;
			buildActionMask = 2147483647;
			files = (
				F0993FC11DC44388004ED26B /* ViewController.swift in Sources */,
				F0993FBF1DC44388004ED26B /* AppDelegate.swift in Sources */,
			);
			runOnlyForDeploymentPostprocessing = 0;
		};
/* End PBXSourcesBuildPhase section */

/* Begin PBXVariantGroup section */
		F0993FC21DC44388004ED26B /* Main.storyboard */ = {
			isa = PBXVariantGroup;
			children = (
				F0993FC31DC44388004ED26B /* Base */,
			);
			name = Main.storyboard;
			sourceTree = "<group>";
		};
		F0993FC71DC44388004ED26B /* LaunchScreen.storyboard */ = {
			isa = PBXVariantGroup;
			children = (
				F0993FC81DC44388004ED26B /* Base */,
			);
			name = LaunchScreen.storyboard;
			sourceTree = "<group>";
		};
/* End PBXVariantGroup section */

/* Begin XCBuildConfiguration section */
		F0993FCB1DC44388004ED26B /* Debug */ = {
			isa = XCBuildConfiguration;
			buildSettings = {
				ALWAYS_SEARCH_USER_PATHS = NO;
				CLANG_ANALYZER_NONNULL = YES;
				CLANG_CXX_LANGUAGE_STANDARD = "gnu++0x";
				CLANG_CXX_LIBRARY = "libc++";
				CLANG_ENABLE_MODULES = YES;
				CLANG_ENABLE_OBJC_ARC = YES;
				CLANG_WARN_BOOL_CONVERSION = YES;
				CLANG_WARN_CONSTANT_CONVERSION = YES;
				CLANG_WARN_DIRECT_OBJC_ISA_USAGE = YES_ERROR;
				CLANG_WARN_DOCUMENTATION_COMMENTS = YES;
				CLANG_WARN_EMPTY_BODY = YES;
				CLANG_WARN_ENUM_CONVERSION = YES;
				CLANG_WARN_INFINITE_RECURSION = YES;
				CLANG_WARN_INT_CONVERSION = YES;
				CLANG_WARN_OBJC_ROOT_CLASS = YES_ERROR;
				CLANG_WARN_SUSPICIOUS_MOVES = YES;
				CLANG_WARN_UNREACHABLE_CODE = YES;
				CLANG_WARN__DUPLICATE_METHOD_MATCH = YES;
				"CODE_SIGN_IDENTITY[sdk=iphoneos*]" = "iPhone Developer";
				COPY_PHASE_STRIP = NO;
				DEBUG_INFORMATION_FORMAT = dwarf;
				ENABLE_STRICT_OBJC_MSGSEND = YES;
				ENABLE_TESTABILITY = YES;
				GCC_C_LANGUAGE_STANDARD = gnu99;
				GCC_DYNAMIC_NO_PIC = NO;
				GCC_NO_COMMON_BLOCKS = YES;
				GCC_OPTIMIZATION_LEVEL = 0;
				GCC_PREPROCESSOR_DEFINITIONS = (
					"DEBUG=1",
					"$(inherited)",
				);
				GCC_WARN_64_TO_32_BIT_CONVERSION = YES;
				GCC_WARN_ABOUT_RETURN_TYPE = YES_ERROR;
				GCC_WARN_UNDECLARED_SELECTOR = YES;
				GCC_WARN_UNINITIALIZED_AUTOS = YES_AGGRESSIVE;
				GCC_WARN_UNUSED_FUNCTION = YES;
				GCC_WARN_UNUSED_VARIABLE = YES;
				IPHONEOS_DEPLOYMENT_TARGET = 10.0;
				MTL_ENABLE_DEBUG_INFO = YES;
				ONLY_ACTIVE_ARCH = YES;
				SDKROOT = iphoneos;
				SWIFT_ACTIVE_COMPILATION_CONDITIONS = DEBUG;
				SWIFT_OPTIMIZATION_LEVEL = "-Onone";
				TARGETED_DEVICE_FAMILY = "1,2";
			};
			name = Debug;
		};
		F0993FCC1DC44388004ED26B /* Release */ = {
			isa = XCBuildConfiguration;
			buildSettings = {
				ALWAYS_SEARCH_USER_PATHS = NO;
				CLANG_ANALYZER_NONNULL = YES;
				CLANG_CXX_LANGUAGE_STANDARD = "gnu++0x";
				CLANG_CXX_LIBRARY = "libc++";
				CLANG_ENABLE_MODULES = YES;
				CLANG_ENABLE_OBJC_ARC = YES;
				CLANG_WARN_BOOL_CONVERSION = YES;
				CLANG_WARN_CONSTANT_CONVERSION = YES;
				CLANG_WARN_DIRECT_OBJC_ISA_USAGE = YES_ERROR;
				CLANG_WARN_DOCUMENTATION_COMMENTS = YES;
				CLANG_WARN_EMPTY_BODY = YES;
				CLANG_WARN_ENUM_CONVERSION = YES;
				CLANG_WARN_INFINITE_RECURSION = YES;
				CLANG_WARN_INT_CONVERSION = YES;
				CLANG_WARN_OBJC_ROOT_CLASS = YES_ERROR;
				CLANG_WARN_SUSPICIOUS_MOVES = YES;
				CLANG_WARN_UNREACHABLE_CODE = YES;
				CLANG_WARN__DUPLICATE_METHOD_MATCH = YES;
				"CODE_SIGN_IDENTITY[sdk=iphoneos*]" = "iPhone Developer";
				COPY_PHASE_STRIP = NO;
				DEBUG_INFORMATION_FORMAT = "dwarf-with-dsym";
				ENABLE_NS_ASSERTIONS = NO;
				ENABLE_STRICT_OBJC_MSGSEND = YES;
				GCC_C_LANGUAGE_STANDARD = gnu99;
				GCC_NO_COMMON_BLOCKS = YES;
				GCC_WARN_64_TO_32_BIT_CONVERSION = YES;
				GCC_WARN_ABOUT_RETURN_TYPE = YES_ERROR;
				GCC_WARN_UNDECLARED_SELECTOR = YES;
				GCC_WARN_UNINITIALIZED_AUTOS = YES_AGGRESSIVE;
				GCC_WARN_UNUSED_FUNCTION = YES;
				GCC_WARN_UNUSED_VARIABLE = YES;
				IPHONEOS_DEPLOYMENT_TARGET = 10.0;
				MTL_ENABLE_DEBUG_INFO = NO;
				SDKROOT = iphoneos;
				SWIFT_OPTIMIZATION_LEVEL = "-Owholemodule";
				TARGETED_DEVICE_FAMILY = "1,2";
				VALIDATE_PRODUCT = YES;
			};
			name = Release;
		};
		F0993FCE1DC44388004ED26B /* Debug */ = {
			isa = XCBuildConfiguration;
			buildSettings = {
				ASSETCATALOG_COMPILER_APPICON_NAME = AppIcon;
				DEVELOPMENT_TEAM = B2HMTZDWE6;
				INFOPLIST_FILE = dddd/Info.plist;
				LD_RUNPATH_SEARCH_PATHS = "$(inherited) @executable_path/Frameworks";
				PRODUCT_BUNDLE_IDENTIFIER = Sennotech.com.dddd;
				PRODUCT_NAME = "$(TARGET_NAME)";
				SWIFT_VERSION = 3.0;
			};
			name = Debug;
		};
		F0993FCF1DC44388004ED26B /* Release */ = {
			isa = XCBuildConfiguration;
			buildSettings = {
				ASSETCATALOG_COMPILER_APPICON_NAME = AppIcon;
				DEVELOPMENT_TEAM = B2HMTZDWE6;
				INFOPLIST_FILE = dddd/Info.plist;
				LD_RUNPATH_SEARCH_PATHS = "$(inherited) @executable_path/Frameworks";
				PRODUCT_BUNDLE_IDENTIFIER = Sennotech.com.dddd;
				PRODUCT_NAME = "$(TARGET_NAME)";
				SWIFT_VERSION = 3.0;
			};
			name = Release;
		};
/* End XCBuildConfiguration section */

/* Begin XCConfigurationList section */
		F0993FB61DC44388004ED26B /* Build configuration list for PBXProject "dddd" */ = {
			isa = XCConfigurationList;
			buildConfigurations = (
				F0993FCB1DC44388004ED26B /* Debug */,
				F0993FCC1DC44388004ED26B /* Release */,
			);
			defaultConfigurationIsVisible = 0;
			defaultConfigurationName = Release;
		};
		F0993FCD1DC44388004ED26B /* Build configuration list for PBXNativeTarget "dddd" */ = {
			isa = XCConfigurationList;
			buildConfigurations = (
				F0993FCE1DC44388004ED26B /* Debug */,
				F0993FCF1DC44388004ED26B /* Release */,
			);
			defaultConfigurationIsVisible = 0;
		};
/* End XCConfigurationList section */
	};
	rootObject = F0993FB31DC44388004ED26B /* Project object */;
}
